
Microsoft Visual Studio Solution File, Format Version 12.00
Project("{FAE04EC0-301F-11D3-BF4B-00C04F79EFBC}") = "ConsoleApplication1", "ConsoleApplication1\ConsoleApplication1.csproj", "{27D3F314-8412-44B5-BA06-A05BB9B06FBB}"
EndProject
Global
	GlobalSection(SolutionConfigurationPlatforms) = preSolution
		Debug|Any CPU = Debug|Any CPU
		Release|Any CPU = Release|Any CPU
	EndGlobalSection
	GlobalSection(ProjectConfigurationPlatforms) = postSolution
		{27D3F314-8412-44B5-BA06-A05BB9B06FBB}.Debug|Any CPU.ActiveCfg = Debug|Any CPU
		{27D3F314-8412-44B5-BA06-A05BB9B06FBB}.Debug|Any CPU.Build.0 = Debug|Any CPU
		{27D3F314-8412-44B5-BA06-A05BB9B06FBB}.Release|Any CPU.ActiveCfg = Release|Any CPU
		{27D3F314-8412-44B5-BA06-A05BB9B06FBB}.Release|Any CPU.Build.0 = Release|Any CPU
	EndGlobalSection
EndGlobal
